// !$*UTF8*$!
{
	archiveVersion = 1;
	classes = {
	};
	objectVersion = 77;
	objects = {

/* Begin PBXContainerItemProxy section */
		0CB96D9A2DA9F7E000B7379F /* PBXContainerItemProxy */ = {
			isa = PBXContainerItemProxy;
			containerPortal = 0CB96D812DA9F7DD00B7379F /* Project object */;
			proxyType = 1;
			remoteGlobalIDString = 0CB96D882DA9F7DE00B7379F;
			remoteInfo = "im a better driver than you";
		};
		0CB96DA42DA9F7E000B7379F /* PBXContainerItemProxy */ = {
			isa = PBXContainerItemProxy;
			containerPortal = 0CB96D812DA9F7DD00B7379F /* Project object */;
			proxyType = 1;
			remoteGlobalIDString = 0CB96D882DA9F7DE00B7379F;
			remoteInfo = "im a better driver than you";
		};
/* End PBXContainerItemProxy section */

/* Begin PBXFileReference section */
		0CB96D892DA9F7DE00B7379F /* im a better driver than you.app */ = {isa = PBXFileReference; explicitFileType = wrapper.application; includeInIndex = 0; path = "im a better driver than you.app"; sourceTree = BUILT_PRODUCTS_DIR; };
		0CB96D992DA9F7E000B7379F /* im a better driver than youTests.xctest */ = {isa = PBXFileReference; explicitFileType = wrapper.cfbundle; includeInIndex = 0; path = "im a better driver than youTests.xctest"; sourceTree = BUILT_PRODUCTS_DIR; };
		0CB96DA32DA9F7E000B7379F /* im a better driver than youUITests.xctest */ = {isa = PBXFileReference; explicitFileType = wrapper.cfbundle; includeInIndex = 0; path = "im a better driver than youUITests.xctest"; sourceTree = BUILT_PRODUCTS_DIR; };
/* End PBXFileReference section */

/* Begin PBXFileSystemSynchronizedRootGroup section */
		0CB96D8B2DA9F7DE00B7379F /* im a better driver than you */ = {
			isa = PBXFileSystemSynchronizedRootGroup;
			path = "im a better driver than you";
			sourceTree = "<group>";
		};
		0CB96D9C2DA9F7E000B7379F /* im a better driver than youTests */ = {
			isa = PBXFileSystemSynchronizedRootGroup;
			path = "im a better driver than youTests";
			sourceTree = "<group>";
		};
		0CB96DA62DA9F7E000B7379F /* im a better driver than youUITests */ = {
			isa = PBXFileSystemSynchronizedRootGroup;
			path = "im a better driver than youUITests";
			sourceTree = "<group>";
		};
/* End PBXFileSystemSynchronizedRootGroup section */

/* Begin PBXFrameworksBuildPhase section */
		0CB96D862DA9F7DE00B7379F /* Frameworks */ = {
			isa = PBXFrameworksBuildPhase;
			buildActionMask = 2147483647;
			files = (
			);
			runOnlyForDeploymentPostprocessing = 0;
		};
		0CB96D962DA9F7E000B7379F /* Frameworks */ = {
			isa = PBXFrameworksBuildPhase;
			buildActionMask = 2147483647;
			files = (
			);
			runOnlyForDeploymentPostprocessing = 0;
		};
		0CB96DA02DA9F7E000B7379F /* Frameworks */ = {
			isa = PBXFrameworksBuildPhase;
			buildActionMask = 2147483647;
			files = (
			);
			runOnlyForDeploymentPostprocessing = 0;
		};
/* End PBXFrameworksBuildPhase section */

/* Begin PBXGroup section */
		0CB96D802DA9F7DD00B7379F = {
			isa = PBXGroup;
			children = (
				0CB96D8B2DA9F7DE00B7379F /* im a better driver than you */,
				0CB96D9C2DA9F7E000B7379F /* im a better driver than youTests */,
				0CB96DA62DA9F7E000B7379F /* im a better driver than youUITests */,
				0CB96D8A2DA9F7DE00B7379F /* Products */,
			);
			sourceTree = "<group>";
		};
		0CB96D8A2DA9F7DE00B7379F /* Products */ = {
			isa = PBXGroup;
			children = (
				0CB96D892DA9F7DE00B7379F /* im a better driver than you.app */,
				0CB96D992DA9F7E000B7379F /* im a better driver than youTests.xctest */,
				0CB96DA32DA9F7E000B7379F /* im a better driver than youUITests.xctest */,
			);
			name = Products;
			sourceTree = "<group>";
		};
/* End PBXGroup section */

/* Begin PBXNativeTarget section */
		0CB96D882DA9F7DE00B7379F /* im a better driver than you */ = {
			isa = PBXNativeTarget;
			buildConfigurationList = 0CB96DAD2DA9F7E000B7379F /* Build configuration list for PBXNativeTarget "im a better driver than you" */;
			buildPhases = (
				0CB96D852DA9F7DE00B7379F /* Sources */,
				0CB96D862DA9F7DE00B7379F /* Frameworks */,
				0CB96D872DA9F7DE00B7379F /* Resources */,
			);
			buildRules = (
			);
			dependencies = (
			);
			fileSystemSynchronizedGroups = (
				0CB96D8B2DA9F7DE00B7379F /* im a better driver than you */,
			);
			name = "im a better driver than you";
			packageProductDependencies = (
			);
			productName = "im a better driver than you";
			productReference = 0CB96D892DA9F7DE00B7379F /* im a better driver than you.app */;
			productType = "com.apple.product-type.application";
		};
		0CB96D982DA9F7E000B7379F /* im a better driver than youTests */ = {
			isa = PBXNativeTarget;
			buildConfigurationList = 0CB96DB02DA9F7E000B7379F /* Build configuration list for PBXNativeTarget "im a better driver than youTests" */;
			buildPhases = (
				0CB96D952DA9F7E000B7379F /* Sources */,
				0CB96D962DA9F7E000B7379F /* Frameworks */,
				0CB96D972DA9F7E000B7379F /* Resources */,
			);
			buildRules = (
			);
			dependencies = (
				0CB96D9B2DA9F7E000B7379F /* PBXTargetDependency */,
			);
			fileSystemSynchronizedGroups = (
				0CB96D9C2DA9F7E000B7379F /* im a better driver than youTests */,
			);
			name = "im a better driver than youTests";
			packageProductDependencies = (
			);
			productName = "im a better driver than youTests";
			productReference = 0CB96D992DA9F7E000B7379F /* im a better driver than youTests.xctest */;
			productType = "com.apple.product-type.bundle.unit-test";
		};
		0CB96DA22DA9F7E000B7379F /* im a better driver than youUITests */ = {
			isa = PBXNativeTarget;
			buildConfigurationList = 0CB96DB32DA9F7E000B7379F /* Build configuration list for PBXNativeTarget "im a better driver than youUITests" */;
			buildPhases = (
				0CB96D9F2DA9F7E000B7379F /* Sources */,
				0CB96DA02DA9F7E000B7379F /* Frameworks */,
				0CB96DA12DA9F7E000B7379F /* Resources */,
			);
			buildRules = (
			);
			dependencies = (
				0CB96DA52DA9F7E000B7379F /* PBXTargetDependency */,
			);
			fileSystemSynchronizedGroups = (
				0CB96DA62DA9F7E000B7379F /* im a better driver than youUITests */,
			);
			name = "im a better driver than youUITests";
			packageProductDependencies = (
			);
			productName = "im a better driver than youUITests";
			productReference = 0CB96DA32DA9F7E000B7379F /* im a better driver than youUITests.xctest */;
			productType = "com.apple.product-type.bundle.ui-testing";
		};
/* End PBXNativeTarget section */

/* Begin PBXProject section */
		0CB96D812DA9F7DD00B7379F /* Project object */ = {
			isa = PBXProject;
			attributes = {
				BuildIndependentTargetsInParallel = 1;
				LastSwiftUpdateCheck = 1620;
				LastUpgradeCheck = 1620;
				TargetAttributes = {
					0CB96D882DA9F7DE00B7379F = {
						CreatedOnToolsVersion = 16.2;
					};
					0CB96D982DA9F7E000B7379F = {
						CreatedOnToolsVersion = 16.2;
						TestTargetID = 0CB96D882DA9F7DE00B7379F;
					};
					0CB96DA22DA9F7E000B7379F = {
						CreatedOnToolsVersion = 16.2;
						TestTargetID = 0CB96D882DA9F7DE00B7379F;
					};
				};
			};
			buildConfigurationList = 0CB96D842DA9F7DD00B7379F /* Build configuration list for PBXProject "im a better driver than you" */;
			developmentRegion = en;
			hasScannedForEncodings = 0;
			knownRegions = (
				en,
				Base,
			);
			mainGroup = 0CB96D802DA9F7DD00B7379F;
			minimizedProjectReferenceProxies = 1;
			preferredProjectObjectVersion = 77;
			productRefGroup = 0CB96D8A2DA9F7DE00B7379F /* Products */;
			projectDirPath = "";
			projectRoot = "";
			targets = (
				0CB96D882DA9F7DE00B7379F /* im a better driver than you */,
				0CB96D982DA9F7E000B7379F /* im a better driver than youTests */,
				0CB96DA22DA9F7E000B7379F /* im a better driver than youUITests */,
			);
		};
/* End PBXProject section */

/* Begin PBXResourcesBuildPhase section */
		0CB96D872DA9F7DE00B7379F /* Resources */ = {
			isa = PBXResourcesBuildPhase;
			buildActionMask = 2147483647;
			files = (
			);
			runOnlyForDeploymentPostprocessing = 0;
		};
		0CB96D972DA9F7E000B7379F /* Resources */ = {
			isa = PBXResourcesBuildPhase;
			buildActionMask = 2147483647;
			files = (
			);
			runOnlyForDeploymentPostprocessing = 0;
		};
		0CB96DA12DA9F7E000B7379F /* Resources */ = {
			isa = PBXResourcesBuildPhase;
			buildActionMask = 2147483647;
			files = (
			);
			runOnlyForDeploymentPostprocessing = 0;
		};
/* End PBXResourcesBuildPhase section */

/* Begin PBXSourcesBuildPhase section */
		0CB96D852DA9F7DE00B7379F /* Sources */ = {
			isa = PBXSourcesBuildPhase;
			buildActionMask = 2147483647;
			files = (
			);
			runOnlyForDeploymentPostprocessing = 0;
		};
		0CB96D952DA9F7E000B7379F /* Sources */ = {
			isa = PBXSourcesBuildPhase;
			buildActionMask = 2147483647;
			files = (
			);
			runOnlyForDeploymentPostprocessing = 0;
		};
		0CB96D9F2DA9F7E000B7379F /* Sources */ = {
			isa = PBXSourcesBuildPhase;
			buildActionMask = 2147483647;
			files = (
			);
			runOnlyForDeploymentPostprocessing = 0;
		};
/* End PBXSourcesBuildPhase section */

/* Begin PBXTargetDependency section */
		0CB96D9B2DA9F7E000B7379F /* PBXTargetDependency */ = {
			isa = PBXTargetDependency;
			target = 0CB96D882DA9F7DE00B7379F /* im a better driver than you */;
			targetProxy = 0CB96D9A2DA9F7E000B7379F /* PBXContainerItemProxy */;
		};
		0CB96DA52DA9F7E000B7379F /* PBXTargetDependency */ = {
			isa = PBXTargetDependency;
			target = 0CB96D882DA9F7DE00B7379F /* im a better driver than you */;
			targetProxy = 0CB96DA42DA9F7E000B7379F /* PBXContainerItemProxy */;
		};
/* End PBXTargetDependency section */

/* Begin XCBuildConfiguration section */
		0CB96DAB2DA9F7E000B7379F /* Debug */ = {
			isa = XCBuildConfiguration;
			buildSettings = {
				ALWAYS_SEARCH_USER_PATHS = NO;
				ASSETCATALOG_COMPILER_GENERATE_SWIFT_ASSET_SYMBOL_EXTENSIONS = YES;
				CLANG_ANALYZER_NONNULL = YES;
				CLANG_ANALYZER_NUMBER_OBJECT_CONVERSION = YES_AGGRESSIVE;
				CLANG_CXX_LANGUAGE_STANDARD = "gnu++20";
				CLANG_ENABLE_MODULES = YES;
				CLANG_ENABLE_OBJC_ARC = YES;
				CLANG_ENABLE_OBJC_WEAK = YES;
				CLANG_WARN_BLOCK_CAPTURE_AUTORELEASING = YES;
				CLANG_WARN_BOOL_CONVERSION = YES;
				CLANG_WARN_COMMA = YES;
				CLANG_WARN_CONSTANT_CONVERSION = YES;
				CLANG_WARN_DEPRECATED_OBJC_IMPLEMENTATIONS = YES;
				CLANG_WARN_DIRECT_OBJC_ISA_USAGE = YES_ERROR;
				CLANG_WARN_DOCUMENTATION_COMMENTS = YES;
				CLANG_WARN_EMPTY_BODY = YES;
				CLANG_WARN_ENUM_CONVERSION = YES;
				CLANG_WARN_INFINITE_RECURSION = YES;
				CLANG_WARN_INT_CONVERSION = YES;
				CLANG_WARN_NON_LITERAL_NULL_CONVERSION = YES;
				CLANG_WARN_OBJC_IMPLICIT_RETAIN_SELF = YES;
				CLANG_WARN_OBJC_LITERAL_CONVERSION = YES;
				CLANG_WARN_OBJC_ROOT_CLASS = YES_ERROR;
				CLANG_WARN_QUOTED_INCLUDE_IN_FRAMEWORK_HEADER = YES;
				CLANG_WARN_RANGE_LOOP_ANALYSIS = YES;
				CLANG_WARN_STRICT_PROTOTYPES = YES;
				CLANG_WARN_SUSPICIOUS_MOVE = YES;
				CLANG_WARN_UNGUARDED_AVAILABILITY = YES_AGGRESSIVE;
				CLANG_WARN_UNREACHABLE_CODE = YES;
				CLANG_WARN__DUPLICATE_METHOD_MATCH = YES;
				COPY_PHASE_STRIP = NO;
				DEBUG_INFORMATION_FORMAT = dwarf;
				ENABLE_STRICT_OBJC_MSGSEND = YES;
				ENABLE_TESTABILITY = YES;
				ENABLE_USER_SCRIPT_SANDBOXING = YES;
				GCC_C_LANGUAGE_STANDARD = gnu17;
				GCC_DYNAMIC_NO_PIC = NO;
				GCC_NO_COMMON_BLOCKS = YES;
				GCC_OPTIMIZATION_LEVEL = 0;
				GCC_PREPROCESSOR_DEFINITIONS = (
					"DEBUG=1",
					"$(inherited)",
				);
				GCC_WARN_64_TO_32_BIT_CONVERSION = YES;
				GCC_WARN_ABOUT_RETURN_TYPE = YES_ERROR;
				GCC_WARN_UNDECLARED_SELECTOR = YES;
				GCC_WARN_UNINITIALIZED_AUTOS = YES_AGGRESSIVE;
				GCC_WARN_UNUSED_FUNCTION = YES;
				GCC_WARN_UNUSED_VARIABLE = YES;
				IPHONEOS_DEPLOYMENT_TARGET = 18.2;
				LOCALIZATION_PREFERS_STRING_CATALOGS = YES;
				MTL_ENABLE_DEBUG_INFO = INCLUDE_SOURCE;
				MTL_FAST_MATH = YES;
				ONLY_ACTIVE_ARCH = YES;
				SDKROOT = iphoneos;
				SWIFT_ACTIVE_COMPILATION_CONDITIONS = "DEBUG $(inherited)";
				SWIFT_OPTIMIZATION_LEVEL = "-Onone";
			};
			name = Debug;
		};
		0CB96DAC2DA9F7E000B7379F /* Release */ = {
			isa = XCBuildConfiguration;
			buildSettings = {
				ALWAYS_SEARCH_USER_PATHS = NO;
				ASSETCATALOG_COMPILER_GENERATE_SWIFT_ASSET_SYMBOL_EXTENSIONS = YES;
				CLANG_ANALYZER_NONNULL = YES;
				CLANG_ANALYZER_NUMBER_OBJECT_CONVERSION = YES_AGGRESSIVE;
				CLANG_CXX_LANGUAGE_STANDARD = "gnu++20";
				CLANG_ENABLE_MODULES = YES;
				CLANG_ENABLE_OBJC_ARC = YES;
				CLANG_ENABLE_OBJC_WEAK = YES;
				CLANG_WARN_BLOCK_CAPTURE_AUTORELEASING = YES;
				CLANG_WARN_BOOL_CONVERSION = YES;
				CLANG_WARN_COMMA = YES;
				CLANG_WARN_CONSTANT_CONVERSION = YES;
				CLANG_WARN_DEPRECATED_OBJC_IMPLEMENTATIONS = YES;
				CLANG_WARN_DIRECT_OBJC_ISA_USAGE = YES_ERROR;
				CLANG_WARN_DOCUMENTATION_COMMENTS = YES;
				CLANG_WARN_EMPTY_BODY = YES;
				CLANG_WARN_ENUM_CONVERSION = YES;
				CLANG_WARN_INFINITE_RECURSION = YES;
				CLANG_WARN_INT_CONVERSION = YES;
				CLANG_WARN_NON_LITERAL_NULL_CONVERSION = YES;
				CLANG_WARN_OBJC_IMPLICIT_RETAIN_SELF = YES;
				CLANG_WARN_OBJC_LITERAL_CONVERSION = YES;
				CLANG_WARN_OBJC_ROOT_CLASS = YES_ERROR;
				CLANG_WARN_QUOTED_INCLUDE_IN_FRAMEWORK_HEADER = YES;
				CLANG_WARN_RANGE_LOOP_ANALYSIS = YES;
				CLANG_WARN_STRICT_PROTOTYPES = YES;
				CLANG_WARN_SUSPICIOUS_MOVE = YES;
				CLANG_WARN_UNGUARDED_AVAILABILITY = YES_AGGRESSIVE;
				CLANG_WARN_UNREACHABLE_CODE = YES;
				CLANG_WARN__DUPLICATE_METHOD_MATCH = YES;
				COPY_PHASE_STRIP = NO;
				DEBUG_INFORMATION_FORMAT = "dwarf-with-dsym";
				ENABLE_NS_ASSERTIONS = NO;
				ENABLE_STRICT_OBJC_MSGSEND = YES;
				ENABLE_USER_SCRIPT_SANDBOXING = YES;
				GCC_C_LANGUAGE_STANDARD = gnu17;
				GCC_NO_COMMON_BLOCKS = YES;
				GCC_WARN_64_TO_32_BIT_CONVERSION = YES;
				GCC_WARN_ABOUT_RETURN_TYPE = YES_ERROR;
				GCC_WARN_UNDECLARED_SELECTOR = YES;
				GCC_WARN_UNINITIALIZED_AUTOS = YES_AGGRESSIVE;
				GCC_WARN_UNUSED_FUNCTION = YES;
				GCC_WARN_UNUSED_VARIABLE = YES;
				IPHONEOS_DEPLOYMENT_TARGET = 18.2;
				LOCALIZATION_PREFERS_STRING_CATALOGS = YES;
				MTL_ENABLE_DEBUG_INFO = NO;
				MTL_FAST_MATH = YES;
				SDKROOT = iphoneos;
				SWIFT_COMPILATION_MODE = wholemodule;
				VALIDATE_PRODUCT = YES;
			};
			name = Release;
		};
		0CB96DAE2DA9F7E000B7379F /* Debug */ = {
			isa = XCBuildConfiguration;
			buildSettings = {
				ASSETCATALOG_COMPILER_APPICON_NAME = AppIcon;
				ASSETCATALOG_COMPILER_GLOBAL_ACCENT_COLOR_NAME = AccentColor;
				CODE_SIGN_STYLE = Automatic;
				CURRENT_PROJECT_VERSION = 1;
				DEVELOPMENT_ASSET_PATHS = "\"im a better driver than you/Preview Content\"";
				DEVELOPMENT_TEAM = ZVXRHGT924;
				ENABLE_PREVIEWS = YES;
				GENERATE_INFOPLIST_FILE = YES;
				INFOPLIST_KEY_UIApplicationSceneManifest_Generation = YES;
				INFOPLIST_KEY_UIApplicationSupportsIndirectInputEvents = YES;
				INFOPLIST_KEY_UILaunchScreen_Generation = YES;
				INFOPLIST_KEY_UISupportedInterfaceOrientations_iPad = "UIInterfaceOrientationPortrait UIInterfaceOrientationPortraitUpsideDown UIInterfaceOrientationLandscapeLeft UIInterfaceOrientationLandscapeRight";
				INFOPLIST_KEY_UISupportedInterfaceOrientations_iPhone = "UIInterfaceOrientationPortrait UIInterfaceOrientationLandscapeLeft UIInterfaceOrientationLandscapeRight";
				LD_RUNPATH_SEARCH_PATHS = (
					"$(inherited)",
					"@executable_path/Frameworks",
				);
				MARKETING_VERSION = 1.0;
				PRODUCT_BUNDLE_IDENTIFIER = "gadi.im-a-better-driver-than-you123";
				PRODUCT_NAME = "$(TARGET_NAME)";
				SWIFT_EMIT_LOC_STRINGS = YES;
				SWIFT_VERSION = 5.0;
				TARGETED_DEVICE_FAMILY = "1,2";
			};
			name = Debug;
		};
		0CB96DAF2DA9F7E000B7379F /* Release */ = {
			isa = XCBuildConfiguration;
			buildSettings = {
				ASSETCATALOG_COMPILER_APPICON_NAME = AppIcon;
				ASSETCATALOG_COMPILER_GLOBAL_ACCENT_COLOR_NAME = AccentColor;
				CODE_SIGN_STYLE = Automatic;
				CURRENT_PROJECT_VERSION = 1;
				DEVELOPMENT_ASSET_PATHS = "\"im a better driver than you/Preview Content\"";
				DEVELOPMENT_TEAM = ZVXRHGT924;
				ENABLE_PREVIEWS = YES;
				GENERATE_INFOPLIST_FILE = YES;
				INFOPLIST_KEY_UIApplicationSceneManifest_Generation = YES;
				INFOPLIST_KEY_UIApplicationSupportsIndirectInputEvents = YES;
				INFOPLIST_KEY_UILaunchScreen_Generation = YES;
				INFOPLIST_KEY_UISupportedInterfaceOrientations_iPad = "UIInterfaceOrientationPortrait UIInterfaceOrientationPortraitUpsideDown UIInterfaceOrientationLandscapeLeft UIInterfaceOrientationLandscapeRight";
				INFOPLIST_KEY_UISupportedInterfaceOrientations_iPhone = "UIInterfaceOrientationPortrait UIInterfaceOrientationLandscapeLeft UIInterfaceOrientationLandscapeRight";
				LD_RUNPATH_SEARCH_PATHS = (
					"$(inherited)",
					"@executable_path/Frameworks",
				);
				MARKETING_VERSION = 1.0;
				PRODUCT_BUNDLE_IDENTIFIER = "gadi.im-a-better-driver-than-you123";
				PRODUCT_NAME = "$(TARGET_NAME)";
				SWIFT_EMIT_LOC_STRINGS = YES;
				SWIFT_VERSION = 5.0;
				TARGETED_DEVICE_FAMILY = "1,2";
			};
			name = Release;
		};
		0CB96DB12DA9F7E000B7379F /* Debug */ = {
			isa = XCBuildConfiguration;
			buildSettings = {
				BUNDLE_LOADER = "$(TEST_HOST)";
				CODE_SIGN_STYLE = Automatic;
				CURRENT_PROJECT_VERSION = 1;
				DEVELOPMENT_TEAM = ZVXRHGT924;
				GENERATE_INFOPLIST_FILE = YES;
				IPHONEOS_DEPLOYMENT_TARGET = 18.2;
				MARKETING_VERSION = 1.0;
				PRODUCT_BUNDLE_IDENTIFIER = "gadi.im-a-better-driver-than-youTests";
				PRODUCT_NAME = "$(TARGET_NAME)";
				SWIFT_EMIT_LOC_STRINGS = NO;
				SWIFT_VERSION = 5.0;
				TARGETED_DEVICE_FAMILY = "1,2";
				TEST_HOST = "$(BUILT_PRODUCTS_DIR)/im a better driver than you.app/$(BUNDLE_EXECUTABLE_FOLDER_PATH)/im a better driver than you";
			};
			name = Debug;
		};
		0CB96DB22DA9F7E000B7379F /* Release */ = {
			isa = XCBuildConfiguration;
			buildSettings = {
				BUNDLE_LOADER = "$(TEST_HOST)";
				CODE_SIGN_STYLE = Automatic;
				CURRENT_PROJECT_VERSION = 1;
				DEVELOPMENT_TEAM = ZVXRHGT924;
				GENERATE_INFOPLIST_FILE = YES;
				IPHONEOS_DEPLOYMENT_TARGET = 18.2;
				MARKETING_VERSION = 1.0;
				PRODUCT_BUNDLE_IDENTIFIER = "gadi.im-a-better-driver-than-youTests";
				PRODUCT_NAME = "$(TARGET_NAME)";
				SWIFT_EMIT_LOC_STRINGS = NO;
				SWIFT_VERSION = 5.0;
				TARGETED_DEVICE_FAMILY = "1,2";
				TEST_HOST = "$(BUILT_PRODUCTS_DIR)/im a better driver than you.app/$(BUNDLE_EXECUTABLE_FOLDER_PATH)/im a better driver than you";
			};
			name = Release;
		};
		0CB96DB42DA9F7E000B7379F /* Debug */ = {
			isa = XCBuildConfiguration;
			buildSettings = {
				CODE_SIGN_STYLE = Automatic;
				CURRENT_PROJECT_VERSION = 1;
				DEVELOPMENT_TEAM = ZVXRHGT924;
				GENERATE_INFOPLIST_FILE = YES;
				MARKETING_VERSION = 1.0;
				PRODUCT_BUNDLE_IDENTIFIER = "gadi.im-a-better-driver-than-youUITests";
				PRODUCT_NAME = "$(TARGET_NAME)";
				SWIFT_EMIT_LOC_STRINGS = NO;
				SWIFT_VERSION = 5.0;
				TARGETED_DEVICE_FAMILY = "1,2";
				TEST_TARGET_NAME = "im a better driver than you";
			};
			name = Debug;
		};
		0CB96DB52DA9F7E000B7379F /* Release */ = {
			isa = XCBuildConfiguration;
			buildSettings = {
				CODE_SIGN_STYLE = Automatic;
				CURRENT_PROJECT_VERSION = 1;
				DEVELOPMENT_TEAM = ZVXRHGT924;
				GENERATE_INFOPLIST_FILE = YES;
				MARKETING_VERSION = 1.0;
				PRODUCT_BUNDLE_IDENTIFIER = "gadi.im-a-better-driver-than-youUITests";
				PRODUCT_NAME = "$(TARGET_NAME)";
				SWIFT_EMIT_LOC_STRINGS = NO;
				SWIFT_VERSION = 5.0;
				TARGETED_DEVICE_FAMILY = "1,2";
				TEST_TARGET_NAME = "im a better driver than you";
			};
			name = Release;
		};
/* End XCBuildConfiguration section */

/* Begin XCConfigurationList section */
		0CB96D842DA9F7DD00B7379F /* Build configuration list for PBXProject "im a better driver than you" */ = {
			isa = XCConfigurationList;
			buildConfigurations = (
				0CB96DAB2DA9F7E000B7379F /* Debug */,
				0CB96DAC2DA9F7E000B7379F /* Release */,
			);
			defaultConfigurationIsVisible = 0;
			defaultConfigurationName = Release;
		};
		0CB96DAD2DA9F7E000B7379F /* Build configuration list for PBXNativeTarget "im a better driver than you" */ = {
			isa = XCConfigurationList;
			buildConfigurations = (
				0CB96DAE2DA9F7E000B7379F /* Debug */,
				0CB96DAF2DA9F7E000B7379F /* Release */,
			);
			defaultConfigurationIsVisible = 0;
			defaultConfigurationName = Release;
		};
		0CB96DB02DA9F7E000B7379F /* Build configuration list for PBXNativeTarget "im a better driver than youTests" */ = {
			isa = XCConfigurationList;
			buildConfigurations = (
				0CB96DB12DA9F7E000B7379F /* Debug */,
				0CB96DB22DA9F7E000B7379F /* Release */,
			);
			defaultConfigurationIsVisible = 0;
			defaultConfigurationName = Release;
		};
		0CB96DB32DA9F7E000B7379F /* Build configuration list for PBXNativeTarget "im a better driver than youUITests" */ = {
			isa = XCConfigurationList;
			buildConfigurations = (
				0CB96DB42DA9F7E000B7379F /* Debug */,
				0CB96DB52DA9F7E000B7379F /* Release */,
			);
			defaultConfigurationIsVisible = 0;
			defaultConfigurationName = Release;
		};
/* End XCConfigurationList section */
	};
	rootObject = 0CB96D812DA9F7DD00B7379F /* Project object */;
}
